// !$*UTF8*$!
{
	archiveVersion = 1;
	classes = {
	};
	objectVersion = 46;
	objects = {

/* Begin PBXBuildFile section */
		22951CCC1B09324200AECA27 /* libsqlite3.dylib in Frameworks */ = {isa = PBXBuildFile; fileRef = 22951CCB1B09324200AECA27 /* libsqlite3.dylib */; };
		22951CD31B09333E00AECA27 /* DBManager.m in Sources */ = {isa = PBXBuildFile; fileRef = 22951CD21B09333E00AECA27 /* DBManager.m */; };
		22F8FD381B043A1600381F04 /* AddTVC.m in Sources */ = {isa = PBXBuildFile; fileRef = 22F8FD371B043A1600381F04 /* AddTVC.m */; };
		B535E1781AFC07200088FE42 /* UIColor+ColorHelper.m in Sources */ = {isa = PBXBuildFile; fileRef = B535E1771AFC07200088FE42 /* UIColor+ColorHelper.m */; };
		B535E17B1AFC0DAD0088FE42 /* UIImageView+imageViewHelper.m in Sources */ = {isa = PBXBuildFile; fileRef = B535E17A1AFC0DAD0088FE42 /* UIImageView+imageViewHelper.m */; };
		B554CC8C1AFA59FB006E63F7 /* CalCVCell.m in Sources */ = {isa = PBXBuildFile; fileRef = B554CC8B1AFA59FB006E63F7 /* CalCVCell.m */; };
		B554CC8F1AFA6AB1006E63F7 /* NSDate+DateHelper.m in Sources */ = {isa = PBXBuildFile; fileRef = B554CC8E1AFA6AB1006E63F7 /* NSDate+DateHelper.m */; };
		B554CC921AFA8EE6006E63F7 /* DayCVCell.m in Sources */ = {isa = PBXBuildFile; fileRef = B554CC911AFA8EE6006E63F7 /* DayCVCell.m */; };
		B58D7A6D1AF9522B0097A436 /* main.m in Sources */ = {isa = PBXBuildFile; fileRef = B58D7A6C1AF9522B0097A436 /* main.m */; };
		B58D7A701AF9522B0097A436 /* AppDelegate.m in Sources */ = {isa = PBXBuildFile; fileRef = B58D7A6F1AF9522B0097A436 /* AppDelegate.m */; };
		B58D7A731AF9522B0097A436 /* SalaryHelper.xcdatamodeld in Sources */ = {isa = PBXBuildFile; fileRef = B58D7A711AF9522B0097A436 /* SalaryHelper.xcdatamodeld */; };
		B58D7A761AF9522B0097A436 /* CalCVC.m in Sources */ = {isa = PBXBuildFile; fileRef = B58D7A751AF9522B0097A436 /* CalCVC.m */; };
		B58D7A791AF9522C0097A436 /* Main.storyboard in Resources */ = {isa = PBXBuildFile; fileRef = B58D7A771AF9522C0097A436 /* Main.storyboard */; };
		B58D7A7B1AF9522C0097A436 /* Images.xcassets in Resources */ = {isa = PBXBuildFile; fileRef = B58D7A7A1AF9522C0097A436 /* Images.xcassets */; };
		B58D7A8A1AF9522C0097A436 /* SalaryHelperTests.m in Sources */ = {isa = PBXBuildFile; fileRef = B58D7A891AF9522C0097A436 /* SalaryHelperTests.m */; };
		B5B3709A1B06473B0042BB74 /* RepeatTVC.m in Sources */ = {isa = PBXBuildFile; fileRef = B5B370981B06473B0042BB74 /* RepeatTVC.m */; };
		B5B835441B04F5EF003AB468 /* InputTVCell.m in Sources */ = {isa = PBXBuildFile; fileRef = B5B835431B04F5EF003AB468 /* InputTVCell.m */; };
		B5B835471B0558E8003AB468 /* UIView+ViewHelper.m in Sources */ = {isa = PBXBuildFile; fileRef = B5B835461B0558E8003AB468 /* UIView+ViewHelper.m */; };
		B5F72C3C1AFBEC7F001544E7 /* MenuVC.m in Sources */ = {isa = PBXBuildFile; fileRef = B5F72C3B1AFBEC7F001544E7 /* MenuVC.m */; };
/* End PBXBuildFile section */

/* Begin PBXContainerItemProxy section */
		B58D7A841AF9522C0097A436 /* PBXContainerItemProxy */ = {
			isa = PBXContainerItemProxy;
			containerPortal = B58D7A5F1AF9522B0097A436 /* Project object */;
			proxyType = 1;
			remoteGlobalIDString = B58D7A661AF9522B0097A436;
			remoteInfo = SalaryHelper;
		};
/* End PBXContainerItemProxy section */

/* Begin PBXFileReference section */
		22951CCB1B09324200AECA27 /* libsqlite3.dylib */ = {isa = PBXFileReference; lastKnownFileType = "compiled.mach-o.dylib"; name = libsqlite3.dylib; path = usr/lib/libsqlite3.dylib; sourceTree = SDKROOT; };
		22951CD11B09331000AECA27 /* DBManager.h */ = {isa = PBXFileReference; fileEncoding = 4; lastKnownFileType = sourcecode.c.h; path = DBManager.h; sourceTree = "<group>"; };
		22951CD21B09333E00AECA27 /* DBManager.m */ = {isa = PBXFileReference; fileEncoding = 4; lastKnownFileType = sourcecode.c.objc; path = DBManager.m; sourceTree = "<group>"; };
		22951CD41B093A2500AECA27 /* SystemHelper.h */ = {isa = PBXFileReference; lastKnownFileType = sourcecode.c.h; path = SystemHelper.h; sourceTree = "<group>"; };
		22F8FD371B043A1600381F04 /* AddTVC.m */ = {isa = PBXFileReference; fileEncoding = 4; lastKnownFileType = sourcecode.c.objc; path = AddTVC.m; sourceTree = "<group>"; };
		22F8FD391B043A3A00381F04 /* AddTVC.h */ = {isa = PBXFileReference; fileEncoding = 4; lastKnownFileType = sourcecode.c.h; path = AddTVC.h; sourceTree = "<group>"; };
		B535E1761AFC07200088FE42 /* UIColor+ColorHelper.h */ = {isa = PBXFileReference; fileEncoding = 4; lastKnownFileType = sourcecode.c.h; path = "UIColor+ColorHelper.h"; sourceTree = "<group>"; };
		B535E1771AFC07200088FE42 /* UIColor+ColorHelper.m */ = {isa = PBXFileReference; fileEncoding = 4; lastKnownFileType = sourcecode.c.objc; path = "UIColor+ColorHelper.m"; sourceTree = "<group>"; };
		B535E1791AFC0DAD0088FE42 /* UIImageView+imageViewHelper.h */ = {isa = PBXFileReference; fileEncoding = 4; lastKnownFileType = sourcecode.c.h; path = "UIImageView+imageViewHelper.h"; sourceTree = "<group>"; };
		B535E17A1AFC0DAD0088FE42 /* UIImageView+imageViewHelper.m */ = {isa = PBXFileReference; fileEncoding = 4; lastKnownFileType = sourcecode.c.objc; path = "UIImageView+imageViewHelper.m"; sourceTree = "<group>"; };
		B554CC8A1AFA59FB006E63F7 /* CalCVCell.h */ = {isa = PBXFileReference; fileEncoding = 4; lastKnownFileType = sourcecode.c.h; path = CalCVCell.h; sourceTree = "<group>"; };
		B554CC8B1AFA59FB006E63F7 /* CalCVCell.m */ = {isa = PBXFileReference; fileEncoding = 4; lastKnownFileType = sourcecode.c.objc; path = CalCVCell.m; sourceTree = "<group>"; };
		B554CC8D1AFA6AB1006E63F7 /* NSDate+DateHelper.h */ = {isa = PBXFileReference; fileEncoding = 4; lastKnownFileType = sourcecode.c.h; path = "NSDate+DateHelper.h"; sourceTree = "<group>"; };
		B554CC8E1AFA6AB1006E63F7 /* NSDate+DateHelper.m */ = {isa = PBXFileReference; fileEncoding = 4; lastKnownFileType = sourcecode.c.objc; path = "NSDate+DateHelper.m"; sourceTree = "<group>"; };
		B554CC901AFA8EE6006E63F7 /* DayCVCell.h */ = {isa = PBXFileReference; fileEncoding = 4; lastKnownFileType = sourcecode.c.h; path = DayCVCell.h; sourceTree = "<group>"; };
		B554CC911AFA8EE6006E63F7 /* DayCVCell.m */ = {isa = PBXFileReference; fileEncoding = 4; lastKnownFileType = sourcecode.c.objc; path = DayCVCell.m; sourceTree = "<group>"; };
		B58D7A671AF9522B0097A436 /* SalaryHelper.app */ = {isa = PBXFileReference; explicitFileType = wrapper.application; includeInIndex = 0; path = SalaryHelper.app; sourceTree = BUILT_PRODUCTS_DIR; };
		B58D7A6B1AF9522B0097A436 /* Info.plist */ = {isa = PBXFileReference; lastKnownFileType = text.plist.xml; path = Info.plist; sourceTree = "<group>"; };
		B58D7A6C1AF9522B0097A436 /* main.m */ = {isa = PBXFileReference; lastKnownFileType = sourcecode.c.objc; path = main.m; sourceTree = "<group>"; };
		B58D7A6E1AF9522B0097A436 /* AppDelegate.h */ = {isa = PBXFileReference; lastKnownFileType = sourcecode.c.h; path = AppDelegate.h; sourceTree = "<group>"; };
		B58D7A6F1AF9522B0097A436 /* AppDelegate.m */ = {isa = PBXFileReference; lastKnownFileType = sourcecode.c.objc; path = AppDelegate.m; sourceTree = "<group>"; };
		B58D7A721AF9522B0097A436 /* SalaryHelper.xcdatamodel */ = {isa = PBXFileReference; lastKnownFileType = wrapper.xcdatamodel; path = SalaryHelper.xcdatamodel; sourceTree = "<group>"; };
		B58D7A741AF9522B0097A436 /* CalCVC.h */ = {isa = PBXFileReference; lastKnownFileType = sourcecode.c.h; path = CalCVC.h; sourceTree = "<group>"; };
		B58D7A751AF9522B0097A436 /* CalCVC.m */ = {isa = PBXFileReference; lastKnownFileType = sourcecode.c.objc; path = CalCVC.m; sourceTree = "<group>"; };
		B58D7A781AF9522C0097A436 /* Base */ = {isa = PBXFileReference; lastKnownFileType = file.storyboard; name = Base; path = Base.lproj/Main.storyboard; sourceTree = "<group>"; };
		B58D7A7A1AF9522C0097A436 /* Images.xcassets */ = {isa = PBXFileReference; lastKnownFileType = folder.assetcatalog; path = Images.xcassets; sourceTree = "<group>"; };
		B58D7A831AF9522C0097A436 /* SalaryHelperTests.xctest */ = {isa = PBXFileReference; explicitFileType = wrapper.cfbundle; includeInIndex = 0; path = SalaryHelperTests.xctest; sourceTree = BUILT_PRODUCTS_DIR; };
		B58D7A881AF9522C0097A436 /* Info.plist */ = {isa = PBXFileReference; lastKnownFileType = text.plist.xml; path = Info.plist; sourceTree = "<group>"; };
		B58D7A891AF9522C0097A436 /* SalaryHelperTests.m */ = {isa = PBXFileReference; lastKnownFileType = sourcecode.c.objc; path = SalaryHelperTests.m; sourceTree = "<group>"; };
		B5B370981B06473B0042BB74 /* RepeatTVC.m */ = {isa = PBXFileReference; fileEncoding = 4; lastKnownFileType = sourcecode.c.objc; path = RepeatTVC.m; sourceTree = "<group>"; };
		B5B370991B06473B0042BB74 /* RepeatTVC.h */ = {isa = PBXFileReference; fileEncoding = 4; lastKnownFileType = sourcecode.c.h; path = RepeatTVC.h; sourceTree = "<group>"; };
		B5B835421B04F5EF003AB468 /* InputTVCell.h */ = {isa = PBXFileReference; fileEncoding = 4; lastKnownFileType = sourcecode.c.h; path = InputTVCell.h; sourceTree = "<group>"; };
		B5B835431B04F5EF003AB468 /* InputTVCell.m */ = {isa = PBXFileReference; fileEncoding = 4; lastKnownFileType = sourcecode.c.objc; path = InputTVCell.m; sourceTree = "<group>"; };
		B5B835451B0558E8003AB468 /* UIView+ViewHelper.h */ = {isa = PBXFileReference; fileEncoding = 4; lastKnownFileType = sourcecode.c.h; path = "UIView+ViewHelper.h"; sourceTree = "<group>"; };
		B5B835461B0558E8003AB468 /* UIView+ViewHelper.m */ = {isa = PBXFileReference; fileEncoding = 4; lastKnownFileType = sourcecode.c.objc; path = "UIView+ViewHelper.m"; sourceTree = "<group>"; };
		B5F72C3A1AFBEC7F001544E7 /* MenuVC.h */ = {isa = PBXFileReference; fileEncoding = 4; lastKnownFileType = sourcecode.c.h; path = MenuVC.h; sourceTree = "<group>"; };
		B5F72C3B1AFBEC7F001544E7 /* MenuVC.m */ = {isa = PBXFileReference; fileEncoding = 4; lastKnownFileType = sourcecode.c.objc; path = MenuVC.m; sourceTree = "<group>"; };
/* End PBXFileReference section */

/* Begin PBXFrameworksBuildPhase section */
		B58D7A641AF9522B0097A436 /* Frameworks */ = {
			isa = PBXFrameworksBuildPhase;
			buildActionMask = 2147483647;
			files = (
				22951CCC1B09324200AECA27 /* libsqlite3.dylib in Frameworks */,
			);
			runOnlyForDeploymentPostprocessing = 0;
		};
		B58D7A801AF9522C0097A436 /* Frameworks */ = {
			isa = PBXFrameworksBuildPhase;
			buildActionMask = 2147483647;
			files = (
			);
			runOnlyForDeploymentPostprocessing = 0;
		};
/* End PBXFrameworksBuildPhase section */

/* Begin PBXGroup section */
		22951CCD1B09325A00AECA27 /* DB */ = {
			isa = PBXGroup;
			children = (
				22951CD11B09331000AECA27 /* DBManager.h */,
				22951CD21B09333E00AECA27 /* DBManager.m */,
			);
			name = DB;
			sourceTree = "<group>";
		};
		22F8FD351B0439C100381F04 /* InputViews */ = {
			isa = PBXGroup;
			children = (
				B5B370981B06473B0042BB74 /* RepeatTVC.m */,
				B5B370991B06473B0042BB74 /* RepeatTVC.h */,
				22F8FD391B043A3A00381F04 /* AddTVC.h */,
				22F8FD371B043A1600381F04 /* AddTVC.m */,
				B5B835421B04F5EF003AB468 /* InputTVCell.h */,
				B5B835431B04F5EF003AB468 /* InputTVCell.m */,
			);
			name = InputViews;
			sourceTree = "<group>";
		};
		B58D7A5E1AF9522B0097A436 = {
			isa = PBXGroup;
			children = (
				22951CCB1B09324200AECA27 /* libsqlite3.dylib */,
				B58D7A691AF9522B0097A436 /* SalaryHelper */,
				B58D7A861AF9522C0097A436 /* SalaryHelperTests */,
				B58D7A681AF9522B0097A436 /* Products */,
			);
			sourceTree = "<group>";
		};
		B58D7A681AF9522B0097A436 /* Products */ = {
			isa = PBXGroup;
			children = (
				B58D7A671AF9522B0097A436 /* SalaryHelper.app */,
				B58D7A831AF9522C0097A436 /* SalaryHelperTests.xctest */,
			);
			name = Products;
			sourceTree = "<group>";
		};
		B58D7A691AF9522B0097A436 /* SalaryHelper */ = {
			isa = PBXGroup;
			children = (
				B58D7A6E1AF9522B0097A436 /* AppDelegate.h */,
				B58D7A6F1AF9522B0097A436 /* AppDelegate.m */,
				B58D7A771AF9522C0097A436 /* Main.storyboard */,
				B58D7A7A1AF9522C0097A436 /* Images.xcassets */,
				B58D7A711AF9522B0097A436 /* SalaryHelper.xcdatamodeld */,
				22951CCD1B09325A00AECA27 /* DB */,
				B5F72C391AFBAE3B001544E7 /* Helper */,
				B5F72C381AFBAE24001544E7 /* Calendar */,
				22F8FD351B0439C100381F04 /* InputViews */,
				B58D7A6A1AF9522B0097A436 /* Supporting Files */,
			);
			path = SalaryHelper;
			sourceTree = "<group>";
		};
		B58D7A6A1AF9522B0097A436 /* Supporting Files */ = {
			isa = PBXGroup;
			children = (
				B58D7A6B1AF9522B0097A436 /* Info.plist */,
				B58D7A6C1AF9522B0097A436 /* main.m */,
			);
			name = "Supporting Files";
			sourceTree = "<group>";
		};
		B58D7A861AF9522C0097A436 /* SalaryHelperTests */ = {
			isa = PBXGroup;
			children = (
				B58D7A891AF9522C0097A436 /* SalaryHelperTests.m */,
				B58D7A871AF9522C0097A436 /* Supporting Files */,
			);
			path = SalaryHelperTests;
			sourceTree = "<group>";
		};
		B58D7A871AF9522C0097A436 /* Supporting Files */ = {
			isa = PBXGroup;
			children = (
				B58D7A881AF9522C0097A436 /* Info.plist */,
			);
			name = "Supporting Files";
			sourceTree = "<group>";
		};
		B5F72C381AFBAE24001544E7 /* Calendar */ = {
			isa = PBXGroup;
			children = (
				B5F72C3A1AFBEC7F001544E7 /* MenuVC.h */,
				B5F72C3B1AFBEC7F001544E7 /* MenuVC.m */,
				B58D7A741AF9522B0097A436 /* CalCVC.h */,
				B58D7A751AF9522B0097A436 /* CalCVC.m */,
				B554CC8A1AFA59FB006E63F7 /* CalCVCell.h */,
				B554CC8B1AFA59FB006E63F7 /* CalCVCell.m */,
				B554CC901AFA8EE6006E63F7 /* DayCVCell.h */,
				B554CC911AFA8EE6006E63F7 /* DayCVCell.m */,
			);
			name = Calendar;
			sourceTree = "<group>";
		};
		B5F72C391AFBAE3B001544E7 /* Helper */ = {
			isa = PBXGroup;
			children = (
				22951CD41B093A2500AECA27 /* SystemHelper.h */,
				B554CC8D1AFA6AB1006E63F7 /* NSDate+DateHelper.h */,
				B554CC8E1AFA6AB1006E63F7 /* NSDate+DateHelper.m */,
				B535E1761AFC07200088FE42 /* UIColor+ColorHelper.h */,
				B535E1771AFC07200088FE42 /* UIColor+ColorHelper.m */,
				B535E1791AFC0DAD0088FE42 /* UIImageView+imageViewHelper.h */,
				B535E17A1AFC0DAD0088FE42 /* UIImageView+imageViewHelper.m */,
				B5B835451B0558E8003AB468 /* UIView+ViewHelper.h */,
				B5B835461B0558E8003AB468 /* UIView+ViewHelper.m */,
			);
			name = Helper;
			sourceTree = "<group>";
		};
/* End PBXGroup section */

/* Begin PBXNativeTarget section */
		B58D7A661AF9522B0097A436 /* SalaryHelper */ = {
			isa = PBXNativeTarget;
			buildConfigurationList = B58D7A8D1AF9522C0097A436 /* Build configuration list for PBXNativeTarget "SalaryHelper" */;
			buildPhases = (
				B58D7A631AF9522B0097A436 /* Sources */,
				B58D7A641AF9522B0097A436 /* Frameworks */,
				B58D7A651AF9522B0097A436 /* Resources */,
			);
			buildRules = (
			);
			dependencies = (
			);
			name = SalaryHelper;
			productName = SalaryHelper;
			productReference = B58D7A671AF9522B0097A436 /* SalaryHelper.app */;
			productType = "com.apple.product-type.application";
		};
		B58D7A821AF9522C0097A436 /* SalaryHelperTests */ = {
			isa = PBXNativeTarget;
			buildConfigurationList = B58D7A901AF9522C0097A436 /* Build configuration list for PBXNativeTarget "SalaryHelperTests" */;
			buildPhases = (
				B58D7A7F1AF9522C0097A436 /* Sources */,
				B58D7A801AF9522C0097A436 /* Frameworks */,
				B58D7A811AF9522C0097A436 /* Resources */,
			);
			buildRules = (
			);
			dependencies = (
				B58D7A851AF9522C0097A436 /* PBXTargetDependency */,
			);
			name = SalaryHelperTests;
			productName = SalaryHelperTests;
			productReference = B58D7A831AF9522C0097A436 /* SalaryHelperTests.xctest */;
			productType = "com.apple.product-type.bundle.unit-test";
		};
/* End PBXNativeTarget section */

/* Begin PBXProject section */
		B58D7A5F1AF9522B0097A436 /* Project object */ = {
			isa = PBXProject;
			attributes = {
				LastUpgradeCheck = 0630;
				ORGANIZATIONNAME = Xin;
				TargetAttributes = {
					B58D7A661AF9522B0097A436 = {
						CreatedOnToolsVersion = 6.3.1;
						DevelopmentTeam = VNTJ9UC674;
					};
					B58D7A821AF9522C0097A436 = {
						CreatedOnToolsVersion = 6.3.1;
						TestTargetID = B58D7A661AF9522B0097A436;
					};
				};
			};
			buildConfigurationList = B58D7A621AF9522B0097A436 /* Build configuration list for PBXProject "SalaryHelper" */;
			compatibilityVersion = "Xcode 3.2";
			developmentRegion = English;
			hasScannedForEncodings = 0;
			knownRegions = (
				en,
				Base,
			);
			mainGroup = B58D7A5E1AF9522B0097A436;
			productRefGroup = B58D7A681AF9522B0097A436 /* Products */;
			projectDirPath = "";
			projectRoot = "";
			targets = (
				B58D7A661AF9522B0097A436 /* SalaryHelper */,
				B58D7A821AF9522C0097A436 /* SalaryHelperTests */,
			);
		};
/* End PBXProject section */

/* Begin PBXResourcesBuildPhase section */
		B58D7A651AF9522B0097A436 /* Resources */ = {
			isa = PBXResourcesBuildPhase;
			buildActionMask = 2147483647;
			files = (
				B58D7A791AF9522C0097A436 /* Main.storyboard in Resources */,
				B58D7A7B1AF9522C0097A436 /* Images.xcassets in Resources */,
			);
			runOnlyForDeploymentPostprocessing = 0;
		};
		B58D7A811AF9522C0097A436 /* Resources */ = {
			isa = PBXResourcesBuildPhase;
			buildActionMask = 2147483647;
			files = (
			);
			runOnlyForDeploymentPostprocessing = 0;
		};
/* End PBXResourcesBuildPhase section */

/* Begin PBXSourcesBuildPhase section */
		B58D7A631AF9522B0097A436 /* Sources */ = {
			isa = PBXSourcesBuildPhase;
			buildActionMask = 2147483647;
			files = (
				B5B3709A1B06473B0042BB74 /* RepeatTVC.m in Sources */,
				B58D7A701AF9522B0097A436 /* AppDelegate.m in Sources */,
				B535E17B1AFC0DAD0088FE42 /* UIImageView+imageViewHelper.m in Sources */,
				B5F72C3C1AFBEC7F001544E7 /* MenuVC.m in Sources */,
				B58D7A6D1AF9522B0097A436 /* main.m in Sources */,
				B554CC921AFA8EE6006E63F7 /* DayCVCell.m in Sources */,
				22F8FD381B043A1600381F04 /* AddTVC.m in Sources */,
				B5B835441B04F5EF003AB468 /* InputTVCell.m in Sources */,
				B535E1781AFC07200088FE42 /* UIColor+ColorHelper.m in Sources */,
				22951CD31B09333E00AECA27 /* DBManager.m in Sources */,
				B58D7A761AF9522B0097A436 /* CalCVC.m in Sources */,
				B58D7A731AF9522B0097A436 /* SalaryHelper.xcdatamodeld in Sources */,
				B5B835471B0558E8003AB468 /* UIView+ViewHelper.m in Sources */,
				B554CC8F1AFA6AB1006E63F7 /* NSDate+DateHelper.m in Sources */,
				B554CC8C1AFA59FB006E63F7 /* CalCVCell.m in Sources */,
			);
			runOnlyForDeploymentPostprocessing = 0;
		};
		B58D7A7F1AF9522C0097A436 /* Sources */ = {
			isa = PBXSourcesBuildPhase;
			buildActionMask = 2147483647;
			files = (
				B58D7A8A1AF9522C0097A436 /* SalaryHelperTests.m in Sources */,
			);
			runOnlyForDeploymentPostprocessing = 0;
		};
/* End PBXSourcesBuildPhase section */

/* Begin PBXTargetDependency section */
		B58D7A851AF9522C0097A436 /* PBXTargetDependency */ = {
			isa = PBXTargetDependency;
			target = B58D7A661AF9522B0097A436 /* SalaryHelper */;
			targetProxy = B58D7A841AF9522C0097A436 /* PBXContainerItemProxy */;
		};
/* End PBXTargetDependency section */

/* Begin PBXVariantGroup section */
		B58D7A771AF9522C0097A436 /* Main.storyboard */ = {
			isa = PBXVariantGroup;
			children = (
				B58D7A781AF9522C0097A436 /* Base */,
			);
			name = Main.storyboard;
			sourceTree = "<group>";
		};
/* End PBXVariantGroup section */

/* Begin XCBuildConfiguration section */
		B58D7A8B1AF9522C0097A436 /* Debug */ = {
			isa = XCBuildConfiguration;
			buildSettings = {
				ALWAYS_SEARCH_USER_PATHS = NO;
				CLANG_CXX_LANGUAGE_STANDARD = "gnu++0x";
				CLANG_CXX_LIBRARY = "libc++";
				CLANG_ENABLE_MODULES = YES;
				CLANG_ENABLE_OBJC_ARC = YES;
				CLANG_WARN_BOOL_CONVERSION = YES;
				CLANG_WARN_CONSTANT_CONVERSION = YES;
				CLANG_WARN_DIRECT_OBJC_ISA_USAGE = YES_ERROR;
				CLANG_WARN_EMPTY_BODY = YES;
				CLANG_WARN_ENUM_CONVERSION = YES;
				CLANG_WARN_INT_CONVERSION = YES;
				CLANG_WARN_OBJC_ROOT_CLASS = YES_ERROR;
				CLANG_WARN_UNREACHABLE_CODE = YES;
				CLANG_WARN__DUPLICATE_METHOD_MATCH = YES;
				"CODE_SIGN_IDENTITY[sdk=iphoneos*]" = "iPhone Developer";
				COPY_PHASE_STRIP = NO;
				DEBUG_INFORMATION_FORMAT = "dwarf-with-dsym";
				ENABLE_STRICT_OBJC_MSGSEND = YES;
				GCC_C_LANGUAGE_STANDARD = gnu99;
				GCC_DYNAMIC_NO_PIC = NO;
				GCC_NO_COMMON_BLOCKS = YES;
				GCC_OPTIMIZATION_LEVEL = 0;
				GCC_PREPROCESSOR_DEFINITIONS = (
					"DEBUG=1",
					"$(inherited)",
				);
				GCC_SYMBOLS_PRIVATE_EXTERN = NO;
				GCC_WARN_64_TO_32_BIT_CONVERSION = YES;
				GCC_WARN_ABOUT_RETURN_TYPE = YES_ERROR;
				GCC_WARN_UNDECLARED_SELECTOR = YES;
				GCC_WARN_UNINITIALIZED_AUTOS = YES_AGGRESSIVE;
				GCC_WARN_UNUSED_FUNCTION = YES;
				GCC_WARN_UNUSED_VARIABLE = YES;
				IPHONEOS_DEPLOYMENT_TARGET = 8.3;
				MTL_ENABLE_DEBUG_INFO = YES;
				ONLY_ACTIVE_ARCH = YES;
				SDKROOT = iphoneos;
			};
			name = Debug;
		};
		B58D7A8C1AF9522C0097A436 /* Release */ = {
			isa = XCBuildConfiguration;
			buildSettings = {
				ALWAYS_SEARCH_USER_PATHS = NO;
				CLANG_CXX_LANGUAGE_STANDARD = "gnu++0x";
				CLANG_CXX_LIBRARY = "libc++";
				CLANG_ENABLE_MODULES = YES;
				CLANG_ENABLE_OBJC_ARC = YES;
				CLANG_WARN_BOOL_CONVERSION = YES;
				CLANG_WARN_CONSTANT_CONVERSION = YES;
				CLANG_WARN_DIRECT_OBJC_ISA_USAGE = YES_ERROR;
				CLANG_WARN_EMPTY_BODY = YES;
				CLANG_WARN_ENUM_CONVERSION = YES;
				CLANG_WARN_INT_CONVERSION = YES;
				CLANG_WARN_OBJC_ROOT_CLASS = YES_ERROR;
				CLANG_WARN_UNREACHABLE_CODE = YES;
				CLANG_WARN__DUPLICATE_METHOD_MATCH = YES;
				"CODE_SIGN_IDENTITY[sdk=iphoneos*]" = "iPhone Developer";
				COPY_PHASE_STRIP = NO;
				DEBUG_INFORMATION_FORMAT = "dwarf-with-dsym";
				ENABLE_NS_ASSERTIONS = NO;
				ENABLE_STRICT_OBJC_MSGSEND = YES;
				GCC_C_LANGUAGE_STANDARD = gnu99;
				GCC_NO_COMMON_BLOCKS = YES;
				GCC_WARN_64_TO_32_BIT_CONVERSION = YES;
				GCC_WARN_ABOUT_RETURN_TYPE = YES_ERROR;
				GCC_WARN_UNDECLARED_SELECTOR = YES;
				GCC_WARN_UNINITIALIZED_AUTOS = YES_AGGRESSIVE;
				GCC_WARN_UNUSED_FUNCTION = YES;
				GCC_WARN_UNUSED_VARIABLE = YES;
				IPHONEOS_DEPLOYMENT_TARGET = 8.3;
				MTL_ENABLE_DEBUG_INFO = NO;
				SDKROOT = iphoneos;
				VALIDATE_PRODUCT = YES;
			};
			name = Release;
		};
		B58D7A8E1AF9522C0097A436 /* Debug */ = {
			isa = XCBuildConfiguration;
			buildSettings = {
				ASSETCATALOG_COMPILER_APPICON_NAME = AppIcon;
				CODE_SIGN_IDENTITY = "iPhone Developer";
				INFOPLIST_FILE = SalaryHelper/Info.plist;
				IPHONEOS_DEPLOYMENT_TARGET = 7.0;
				LD_RUNPATH_SEARCH_PATHS = "$(inherited) @executable_path/Frameworks";
				PRODUCT_NAME = "$(TARGET_NAME)";
				TARGETED_DEVICE_FAMILY = 1;
			};
			name = Debug;
		};
		B58D7A8F1AF9522C0097A436 /* Release */ = {
			isa = XCBuildConfiguration;
			buildSettings = {
				ASSETCATALOG_COMPILER_APPICON_NAME = AppIcon;
				CODE_SIGN_IDENTITY = "iPhone Developer";
				INFOPLIST_FILE = SalaryHelper/Info.plist;
				IPHONEOS_DEPLOYMENT_TARGET = 7.0;
				LD_RUNPATH_SEARCH_PATHS = "$(inherited) @executable_path/Frameworks";
				PRODUCT_NAME = "$(TARGET_NAME)";
				TARGETED_DEVICE_FAMILY = 1;
			};
			name = Release;
		};
		B58D7A911AF9522C0097A436 /* Debug */ = {
			isa = XCBuildConfiguration;
			buildSettings = {
				BUNDLE_LOADER = "$(TEST_HOST)";
				FRAMEWORK_SEARCH_PATHS = (
					"$(SDKROOT)/Developer/Library/Frameworks",
					"$(inherited)",
				);
				GCC_PREPROCESSOR_DEFINITIONS = (
					"DEBUG=1",
					"$(inherited)",
				);
				INFOPLIST_FILE = SalaryHelperTests/Info.plist;
				LD_RUNPATH_SEARCH_PATHS = "$(inherited) @executable_path/Frameworks @loader_path/Frameworks";
				PRODUCT_NAME = "$(TARGET_NAME)";
				TEST_HOST = "$(BUILT_PRODUCTS_DIR)/SalaryHelper.app/SalaryHelper";
			};
			name = Debug;
		};
		B58D7A921AF9522C0097A436 /* Release */ = {
			isa = XCBuildConfiguration;
			buildSettings = {
				BUNDLE_LOADER = "$(TEST_HOST)";
				FRAMEWORK_SEARCH_PATHS = (
					"$(SDKROOT)/Developer/Library/Frameworks",
					"$(inherited)",
				);
				INFOPLIST_FILE = SalaryHelperTests/Info.plist;
				LD_RUNPATH_SEARCH_PATHS = "$(inherited) @executable_path/Frameworks @loader_path/Frameworks";
				PRODUCT_NAME = "$(TARGET_NAME)";
				TEST_HOST = "$(BUILT_PRODUCTS_DIR)/SalaryHelper.app/SalaryHelper";
			};
			name = Release;
		};
/* End XCBuildConfiguration section */

/* Begin XCConfigurationList section */
		B58D7A621AF9522B0097A436 /* Build configuration list for PBXProject "SalaryHelper" */ = {
			isa = XCConfigurationList;
			buildConfigurations = (
				B58D7A8B1AF9522C0097A436 /* Debug */,
				B58D7A8C1AF9522C0097A436 /* Release */,
			);
			defaultConfigurationIsVisible = 0;
			defaultConfigurationName = Release;
		};
		B58D7A8D1AF9522C0097A436 /* Build configuration list for PBXNativeTarget "SalaryHelper" */ = {
			isa = XCConfigurationList;
			buildConfigurations = (
				B58D7A8E1AF9522C0097A436 /* Debug */,
				B58D7A8F1AF9522C0097A436 /* Release */,
			);
			defaultConfigurationIsVisible = 0;
			defaultConfigurationName = Release;
		};
		B58D7A901AF9522C0097A436 /* Build configuration list for PBXNativeTarget "SalaryHelperTests" */ = {
			isa = XCConfigurationList;
			buildConfigurations = (
				B58D7A911AF9522C0097A436 /* Debug */,
				B58D7A921AF9522C0097A436 /* Release */,
			);
			defaultConfigurationIsVisible = 0;
			defaultConfigurationName = Release;
		};
/* End XCConfigurationList section */

/* Begin XCVersionGroup section */
		B58D7A711AF9522B0097A436 /* SalaryHelper.xcdatamodeld */ = {
			isa = XCVersionGroup;
			children = (
				B58D7A721AF9522B0097A436 /* SalaryHelper.xcdatamodel */,
			);
			currentVersion = B58D7A721AF9522B0097A436 /* SalaryHelper.xcdatamodel */;
			path = SalaryHelper.xcdatamodeld;
			sourceTree = "<group>";
			versionGroupType = wrapper.xcdatamodel;
		};
/* End XCVersionGroup section */
	};
	rootObject = B58D7A5F1AF9522B0097A436 /* Project object */;
}
